
Microsoft Visual Studio Solution File, Format Version 12.00
# Visual Studio Version 17
VisualStudioVersion = 17.14.36623.8
MinimumVisualStudioVersion = 10.0.40219.1
Project("{FAE04EC0-301F-11D3-BF4B-00C04F79EFBC}") = "SaipemE-PTW", "SaipemE-PTW.csproj", "{7F39AD20-716A-4AAA-823A-4E49D7FD4ED6}"
EndProject
Project("{FAE04EC0-301F-11D3-BF4B-00C04F79EFBC}") = "SaipemE-PTW.Shared", "..\SaipemE-PTW.Shared\SaipemE-PTW.Shared.csproj", "{4A56D1D2-7336-4238-8529-303E25C5B599}"
EndProject
Project("{FAE04EC0-301F-11D3-BF4B-00C04F79EFBC}") = "SaipemE-PTW.Services", "..\SaipemE-PTW.Services\SaipemE-PTW.Services.csproj", "{C397313A-F0CE-4EA9-AEE1-8B04C2D931E1}"
EndProject
Global
	GlobalSection(SolutionConfigurationPlatforms) = preSolution
		Debug|Any CPU = Debug|Any CPU
		Release|Any CPU = Release|Any CPU
	EndGlobalSection
	GlobalSection(ProjectConfigurationPlatforms) = postSolution
		{7F39AD20-716A-4AAA-823A-4E49D7FD4ED6}.Debug|Any CPU.ActiveCfg = Debug|Any CPU
		{7F39AD20-716A-4AAA-823A-4E49D7FD4ED6}.Debug|Any CPU.Build.0 = Debug|Any CPU
		{7F39AD20-716A-4AAA-823A-4E49D7FD4ED6}.Release|Any CPU.ActiveCfg = Release|Any CPU
		{7F39AD20-716A-4AAA-823A-4E49D7FD4ED6}.Release|Any CPU.Build.0 = Release|Any CPU
		{4A56D1D2-7336-4238-8529-303E25C5B599}.Debug|Any CPU.ActiveCfg = Debug|Any CPU
		{4A56D1D2-7336-4238-8529-303E25C5B599}.Debug|Any CPU.Build.0 = Debug|Any CPU
		{4A56D1D2-7336-4238-8529-303E25C5B599}.Release|Any CPU.ActiveCfg = Release|Any CPU
		{4A56D1D2-7336-4238-8529-303E25C5B599}.Release|Any CPU.Build.0 = Release|Any CPU
		{C397313A-F0CE-4EA9-AEE1-8B04C2D931E1}.Debug|Any CPU.ActiveCfg = Debug|Any CPU
		{C397313A-F0CE-4EA9-AEE1-8B04C2D931E1}.Debug|Any CPU.Build.0 = Debug|Any CPU
		{C397313A-F0CE-4EA9-AEE1-8B04C2D931E1}.Release|Any CPU.ActiveCfg = Release|Any CPU
		{C397313A-F0CE-4EA9-AEE1-8B04C2D931E1}.Release|Any CPU.Build.0 = Release|Any CPU
	EndGlobalSection
	GlobalSection(SolutionProperties) = preSolution
		HideSolutionNode = FALSE
	EndGlobalSection
	GlobalSection(ExtensibilityGlobals) = postSolution
		SolutionGuid = {DD6A51C0-7282-4861-8593-36E5D45C0E6D}
	EndGlobalSection
EndGlobal
